Microsoft Visual Studio Solution File, Format Version 12.00
# Visual Studio Version 17
VisualStudioVersion = 17.7.34024.191
MinimumVisualStudioVersion = 10.0.40219.1
Project("{FAE04EC0-301F-11D3-BF4B-00C04F79EFBC}") = "Pr1", "ConsoleApp2\Pr1.csproj", "{D42727F0-E39D-4FF1-B61E-1398773C410E}"
EndProject
Global
	GlobalSection(SolutionConfigurationPlatforms) = preSolution
		Debug|Any CPU = Debug|Any CPU
		Release|Any CPU = Release|Any CPU
	EndGlobalSection
	GlobalSection(ProjectConfigurationPlatforms) = postSolution
		{D42727F0-E39D-4FF1-B61E-1398773C410E}.Debug|Any CPU.ActiveCfg = Debug|Any CPU
		{D42727F0-E39D-4FF1-B61E-1398773C410E}.Debug|Any CPU.Build.0 = Debug|Any CPU
		{D42727F0-E39D-4FF1-B61E-1398773C410E}.Release|Any CPU.ActiveCfg = Release|Any CPU
		{D42727F0-E39D-4FF1-B61E-1398773C410E}.Release|Any CPU.Build.0 = Release|Any CPU
	EndGlobalSection
	GlobalSection(SolutionProperties) = preSolution
		HideSolutionNode = FALSE
	EndGlobalSection
	GlobalSection(ExtensibilityGlobals) = postSolution
		SolutionGuid = {1BC44EDD-3892-4EF5-8155-3D73DB6D7CA3}
	EndGlobalSection
EndGlobal